# This file is automatically @generated by Poetry 1.8.4 and should not be changed by hand.

[[package]]
name = "case-insensitive-dictionary"
version = "0.2.1"
description = "Typed Python Case Insensitive Dictionary"
optional = false
python-versions = ">=3.7,<4.0"
files = [
    {file = "case-insensitive-dictionary-0.2.1.tar.gz", hash = "sha256:7e94726f97eb2c0ceac53209971db50ffc996def663e5e5080d0a1acb4a42280"},
    {file = "case_insensitive_dictionary-0.2.1-py3-none-any.whl", hash = "sha256:a8971780be1ba25e363db259515f0a2f003013465f82552e2f9aed08d5a9ca28"},
]

[[package]]
name = "tomlkit"
version = "0.13.2"
description = "Style preserving TOML library"
optional = false
python-versions = ">=3.8"
files = [
    {file = "tomlkit-0.13.2-py3-none-any.whl", hash = "sha256:7a974427f6e119197f670fbbbeae7bef749a6c14e793db934baefc1b5f03efde"},
    {file = "tomlkit-0.13.2.tar.gz", hash = "sha256:fff5fe59a87295b278abd31bec92c15d9bc4a06885ab12bcea52c71119392e79"},
]

[[package]]
name = "xonsh"
version = "0.18.4"
description = "Python-powered shell. Full-featured and cross-platform."
optional = false
python-versions = ">=3.9"
files = [
    {file = "xonsh-0.18.4-py310-none-any.whl", hash = "sha256:7c043bda3223f55caf72cc87e0c61eb94cffd6b2fbe8295da9dc10604a98e2f9"},
    {file = "xonsh-0.18.4-py311-none-any.whl", hash = "sha256:c28fb81e18e40a6d8c76f71905848eb0d132215d0fddcfba8bf377aaaa0bec23"},
    {file = "xonsh-0.18.4-py312-none-any.whl", hash = "sha256:b4ffb8497d38d9c50e8b6003cf4c27b440e664c28ceccd605cdfee039edd4043"},
    {file = "xonsh-0.18.4-py39-none-any.whl", hash = "sha256:7ddea61b34d2ac3f27c8f99810bae040a60b9ab639816880f48a1e144aa9300c"},
    {file = "xonsh-0.18.4.tar.gz", hash = "sha256:5ab71e3bd0650036995b457ce91f96be81fb3ef2959173e0396e7e83042e2952"},
]

[package.dependencies]
case-insensitive-dictionary = {version = "*", markers = "platform_system == \"Windows\""}

[package.extras]
bestshell = ["prompt-toolkit (>=3.0.29)", "pygments (>=2.2)"]
dev = ["pre-commit", "re-ver", "tomli", "xonsh[doc,test]"]
doc = ["doctr", "furo", "livereload", "matplotlib", "myst-parser", "numpydoc", "psutil", "pyzmq", "runthis-sphinxext", "sphinx (>=3.1)", "tornado", "xonsh[bestshell]"]
full = ["distro", "gnureadline", "setproctitle", "ujson", "xonsh[ptk,pygments]"]
linux = ["distro"]
mac = ["gnureadline"]
proctitle = ["setproctitle"]
ptk = ["prompt-toolkit (>=3.0.29)", "pyperclip"]
pygments = ["pygments (>=2.2)"]
test = ["coverage (>=5.3.1)", "prompt-toolkit (>=3.0.29)", "pygments (>=2.2)", "pyte (>=0.8.0)", "pytest (>=7)", "pytest-cov", "pytest-mock", "pytest-rerunfailures", "pytest-subprocess", "pytest-timeout", "requests", "restructuredtext-lint", "virtualenv (>=20.16.2)", "xonsh[bestshell]"]

[[package]]
name = "xontrib-powerline3"
version = "0.3.17"
description = "Yet another powerline theme for xonsh with async prompt support."
optional = false
python-versions = ">=3.8"
files = [
    {file = "xontrib-powerline3-0.3.17.tar.gz", hash = "sha256:ec17c6267161e77e3c2b8d70d1217dcfdd4f5660794008d1336fa1541756188e"},
    {file = "xontrib_powerline3-0.3.17-py3-none-any.whl", hash = "sha256:00e26714d1c2ba5e703d695954e85cd861f9070de4bbeb47655bc9c69e255bb6"},
]

[package.dependencies]
tomlkit = "*"
xonsh = ">=0.12"

[metadata]
lock-version = "2.0"
python-versions = "^3.12"
content-hash = "84dd392dda502fe40d025fedf75d06e03503c7aa38ee514b240e91fbf5fd6fe1"
